
Microsoft Visual Studio Solution File, Format Version 12.00
# Visual Studio 2012
Project("{FAE04EC0-301F-11D3-BF4B-00C04F79EFBC}") = "PSM", "PSM\PSM.csproj", "{AF0E6760-26C0-421F-AE3E-B454C32B62C7}"
EndProject
Project("{FAE04EC0-301F-11D3-BF4B-00C04F79EFBC}") = "PasswordStrength", "PasswordStrength\PasswordStrength.csproj", "{C68405F2-8F22-4993-A0A4-A0DAF19F7CF6}"
EndProject
Global
	GlobalSection(SolutionConfigurationPlatforms) = preSolution
		Debug|Any CPU = Debug|Any CPU
		Release|Any CPU = Release|Any CPU
	EndGlobalSection
	GlobalSection(ProjectConfigurationPlatforms) = postSolution
		{AF0E6760-26C0-421F-AE3E-B454C32B62C7}.Debug|Any CPU.ActiveCfg = Debug|Any CPU
		{AF0E6760-26C0-421F-AE3E-B454C32B62C7}.Debug|Any CPU.Build.0 = Debug|Any CPU
		{AF0E6760-26C0-421F-AE3E-B454C32B62C7}.Release|Any CPU.ActiveCfg = Release|Any CPU
		{AF0E6760-26C0-421F-AE3E-B454C32B62C7}.Release|Any CPU.Build.0 = Release|Any CPU
		{C68405F2-8F22-4993-A0A4-A0DAF19F7CF6}.Debug|Any CPU.ActiveCfg = Debug|Any CPU
		{C68405F2-8F22-4993-A0A4-A0DAF19F7CF6}.Debug|Any CPU.Build.0 = Debug|Any CPU
		{C68405F2-8F22-4993-A0A4-A0DAF19F7CF6}.Release|Any CPU.ActiveCfg = Release|Any CPU
		{C68405F2-8F22-4993-A0A4-A0DAF19F7CF6}.Release|Any CPU.Build.0 = Release|Any CPU
	EndGlobalSection
	GlobalSection(SolutionProperties) = preSolution
		HideSolutionNode = FALSE
	EndGlobalSection
EndGlobal
